// !$*UTF8*$!
{
	archiveVersion = 1;
	classes = {
	};
	objectVersion = 50;
	objects = {

/* Begin PBXBuildFile section */
		C015771F24476C2100DD2816 /* AppDelegate.swift in Sources */ = {isa = PBXBuildFile; fileRef = C015771E24476C2100DD2816 /* AppDelegate.swift */; };
		C015772124476C2100DD2816 /* SceneDelegate.swift in Sources */ = {isa = PBXBuildFile; fileRef = C015772024476C2100DD2816 /* SceneDelegate.swift */; };
		C015772324476C2100DD2816 /* ViewController.swift in Sources */ = {isa = PBXBuildFile; fileRef = C015772224476C2100DD2816 /* ViewController.swift */; };
		C015772624476C2100DD2816 /* Main.storyboard in Resources */ = {isa = PBXBuildFile; fileRef = C015772424476C2100DD2816 /* Main.storyboard */; };
		C015772924476C2100DD2816 /* Core_Data_Task_App.xcdatamodeld in Sources */ = {isa = PBXBuildFile; fileRef = C015772724476C2100DD2816 /* Core_Data_Task_App.xcdatamodeld */; };
		C015772B24476C2500DD2816 /* Assets.xcassets in Resources */ = {isa = PBXBuildFile; fileRef = C015772A24476C2500DD2816 /* Assets.xcassets */; };
		C015772E24476C2500DD2816 /* LaunchScreen.storyboard in Resources */ = {isa = PBXBuildFile; fileRef = C015772C24476C2500DD2816 /* LaunchScreen.storyboard */; };
		C0354E5424477E6100AACA44 /* AddToDoItemViewController.swift in Sources */ = {isa = PBXBuildFile; fileRef = C0354E5324477E6100AACA44 /* AddToDoItemViewController.swift */; };
		C0354E562447885900AACA44 /* CompleteToDoItemViewController.swift in Sources */ = {isa = PBXBuildFile; fileRef = C0354E552447885900AACA44 /* CompleteToDoItemViewController.swift */; };
/* End PBXBuildFile section */

/* Begin PBXFileReference section */
		C015771B24476C2100DD2816 /* Core Data Task App.app */ = {isa = PBXFileReference; explicitFileType = wrapper.application; includeInIndex = 0; path = "Core Data Task App.app"; sourceTree = BUILT_PRODUCTS_DIR; };
		C015771E24476C2100DD2816 /* AppDelegate.swift */ = {isa = PBXFileReference; lastKnownFileType = sourcecode.swift; path = AppDelegate.swift; sourceTree = "<group>"; };
		C015772024476C2100DD2816 /* SceneDelegate.swift */ = {isa = PBXFileReference; lastKnownFileType = sourcecode.swift; path = SceneDelegate.swift; sourceTree = "<group>"; };
		C015772224476C2100DD2816 /* ViewController.swift */ = {isa = PBXFileReference; lastKnownFileType = sourcecode.swift; path = ViewController.swift; sourceTree = "<group>"; };
		C015772524476C2100DD2816 /* Base */ = {isa = PBXFileReference; lastKnownFileType = file.storyboard; name = Base; path = Base.lproj/Main.storyboard; sourceTree = "<group>"; };
		C015772824476C2100DD2816 /* Core_Data_Task_App.xcdatamodel */ = {isa = PBXFileReference; lastKnownFileType = wrapper.xcdatamodel; path = Core_Data_Task_App.xcdatamodel; sourceTree = "<group>"; };
		C015772A24476C2500DD2816 /* Assets.xcassets */ = {isa = PBXFileReference; lastKnownFileType = folder.assetcatalog; path = Assets.xcassets; sourceTree = "<group>"; };
		C015772D24476C2500DD2816 /* Base */ = {isa = PBXFileReference; lastKnownFileType = file.storyboard; name = Base; path = Base.lproj/LaunchScreen.storyboard; sourceTree = "<group>"; };
		C015772F24476C2500DD2816 /* Info.plist */ = {isa = PBXFileReference; lastKnownFileType = text.plist.xml; path = Info.plist; sourceTree = "<group>"; };
		C0354E5324477E6100AACA44 /* AddToDoItemViewController.swift */ = {isa = PBXFileReference; lastKnownFileType = sourcecode.swift; path = AddToDoItemViewController.swift; sourceTree = "<group>"; };
		C0354E552447885900AACA44 /* CompleteToDoItemViewController.swift */ = {isa = PBXFileReference; lastKnownFileType = sourcecode.swift; path = CompleteToDoItemViewController.swift; sourceTree = "<group>"; };
/* End PBXFileReference section */

/* Begin PBXFrameworksBuildPhase section */
		C015771824476C2100DD2816 /* Frameworks */ = {
			isa = PBXFrameworksBuildPhase;
			buildActionMask = 2147483647;
			files = (
			);
			runOnlyForDeploymentPostprocessing = 0;
		};
/* End PBXFrameworksBuildPhase section */

/* Begin PBXGroup section */
		C015771224476C2100DD2816 = {
			isa = PBXGroup;
			children = (
				C015771D24476C2100DD2816 /* Core Data Task App */,
				C015771C24476C2100DD2816 /* Products */,
			);
			sourceTree = "<group>";
		};
		C015771C24476C2100DD2816 /* Products */ = {
			isa = PBXGroup;
			children = (
				C015771B24476C2100DD2816 /* Core Data Task App.app */,
			);
			name = Products;
			sourceTree = "<group>";
		};
		C015771D24476C2100DD2816 /* Core Data Task App */ = {
			isa = PBXGroup;
			children = (
				C015773624476D2000DD2816 /* View */,
				C015773524476CDC00DD2816 /* Controller */,
				C015771E24476C2100DD2816 /* AppDelegate.swift */,
				C015772024476C2100DD2816 /* SceneDelegate.swift */,
				C015772A24476C2500DD2816 /* Assets.xcassets */,
				C015772F24476C2500DD2816 /* Info.plist */,
				C015772724476C2100DD2816 /* Core_Data_Task_App.xcdatamodeld */,
			);
			path = "Core Data Task App";
			sourceTree = "<group>";
		};
		C015773524476CDC00DD2816 /* Controller */ = {
			isa = PBXGroup;
			children = (
				C015772224476C2100DD2816 /* ViewController.swift */,
				C0354E5324477E6100AACA44 /* AddToDoItemViewController.swift */,
				C0354E552447885900AACA44 /* CompleteToDoItemViewController.swift */,
			);
			path = Controller;
			sourceTree = "<group>";
		};
		C015773624476D2000DD2816 /* View */ = {
			isa = PBXGroup;
			children = (
				C015773724476D2900DD2816 /* Storyboard */,
			);
			path = View;
			sourceTree = "<group>";
		};
		C015773724476D2900DD2816 /* Storyboard */ = {
			isa = PBXGroup;
			children = (
				C015772424476C2100DD2816 /* Main.storyboard */,
				C015772C24476C2500DD2816 /* LaunchScreen.storyboard */,
			);
			path = Storyboard;
			sourceTree = "<group>";
		};
/* End PBXGroup section */

/* Begin PBXNativeTarget section */
		C015771A24476C2100DD2816 /* Core Data Task App */ = {
			isa = PBXNativeTarget;
			buildConfigurationList = C015773224476C2500DD2816 /* Build configuration list for PBXNativeTarget "Core Data Task App" */;
			buildPhases = (
				C015771724476C2100DD2816 /* Sources */,
				C015771824476C2100DD2816 /* Frameworks */,
				C015771924476C2100DD2816 /* Resources */,
			);
			buildRules = (
			);
			dependencies = (
			);
			name = "Core Data Task App";
			productName = "Core Data Task App";
			productReference = C015771B24476C2100DD2816 /* Core Data Task App.app */;
			productType = "com.apple.product-type.application";
		};
/* End PBXNativeTarget section */

/* Begin PBXProject section */
		C015771324476C2100DD2816 /* Project object */ = {
			isa = PBXProject;
			attributes = {
				LastSwiftUpdateCheck = 1130;
				LastUpgradeCheck = 1130;
				ORGANIZATIONNAME = "Julia Debecka";
				TargetAttributes = {
					C015771A24476C2100DD2816 = {
						CreatedOnToolsVersion = 11.3.1;
					};
				};
			};
			buildConfigurationList = C015771624476C2100DD2816 /* Build configuration list for PBXProject "Core Data Task App" */;
			compatibilityVersion = "Xcode 9.3";
			developmentRegion = en;
			hasScannedForEncodings = 0;
			knownRegions = (
				en,
				Base,
			);
			mainGroup = C015771224476C2100DD2816;
			productRefGroup = C015771C24476C2100DD2816 /* Products */;
			projectDirPath = "";
			projectRoot = "";
			targets = (
				C015771A24476C2100DD2816 /* Core Data Task App */,
			);
		};
/* End PBXProject section */

/* Begin PBXResourcesBuildPhase section */
		C015771924476C2100DD2816 /* Resources */ = {
			isa = PBXResourcesBuildPhase;
			buildActionMask = 2147483647;
			files = (
				C015772E24476C2500DD2816 /* LaunchScreen.storyboard in Resources */,
				C015772B24476C2500DD2816 /* Assets.xcassets in Resources */,
				C015772624476C2100DD2816 /* Main.storyboard in Resources */,
			);
			runOnlyForDeploymentPostprocessing = 0;
		};
/* End PBXResourcesBuildPhase section */

/* Begin PBXSourcesBuildPhase section */
		C015771724476C2100DD2816 /* Sources */ = {
			isa = PBXSourcesBuildPhase;
			buildActionMask = 2147483647;
			files = (
				C0354E562447885900AACA44 /* CompleteToDoItemViewController.swift in Sources */,
				C0354E5424477E6100AACA44 /* AddToDoItemViewController.swift in Sources */,
				C015772324476C2100DD2816 /* ViewController.swift in Sources */,
				C015771F24476C2100DD2816 /* AppDelegate.swift in Sources */,
				C015772124476C2100DD2816 /* SceneDelegate.swift in Sources */,
				C015772924476C2100DD2816 /* Core_Data_Task_App.xcdatamodeld in Sources */,
			);
			runOnlyForDeploymentPostprocessing = 0;
		};
/* End PBXSourcesBuildPhase section */

/* Begin PBXVariantGroup section */
		C015772424476C2100DD2816 /* Main.storyboard */ = {
			isa = PBXVariantGroup;
			children = (
				C015772524476C2100DD2816 /* Base */,
			);
			name = Main.storyboard;
			sourceTree = "<group>";
		};
		C015772C24476C2500DD2816 /* LaunchScreen.storyboard */ = {
			isa = PBXVariantGroup;
			children = (
				C015772D24476C2500DD2816 /* Base */,
			);
			name = LaunchScreen.storyboard;
			sourceTree = "<group>";
		};
/* End PBXVariantGroup section */

/* Begin XCBuildConfiguration section */
		C015773024476C2500DD2816 /* Debug */ = {
			isa = XCBuildConfiguration;
			buildSettings = {
				ALWAYS_SEARCH_USER_PATHS = NO;
				CLANG_ANALYZER_NONNULL = YES;
				CLANG_ANALYZER_NUMBER_OBJECT_CONVERSION = YES_AGGRESSIVE;
				CLANG_CXX_LANGUAGE_STANDARD = "gnu++14";
				CLANG_CXX_LIBRARY = "libc++";
				CLANG_ENABLE_MODULES = YES;
				CLANG_ENABLE_OBJC_ARC = YES;
				CLANG_ENABLE_OBJC_WEAK = YES;
				CLANG_WARN_BLOCK_CAPTURE_AUTORELEASING = YES;
				CLANG_WARN_BOOL_CONVERSION = YES;
				CLANG_WARN_COMMA = YES;
				CLANG_WARN_CONSTANT_CONVERSION = YES;
				CLANG_WARN_DEPRECATED_OBJC_IMPLEMENTATIONS = YES;
				CLANG_WARN_DIRECT_OBJC_ISA_USAGE = YES_ERROR;
				CLANG_WARN_DOCUMENTATION_COMMENTS = YES;
				CLANG_WARN_EMPTY_BODY = YES;
				CLANG_WARN_ENUM_CONVERSION = YES;
				CLANG_WARN_INFINITE_RECURSION = YES;
				CLANG_WARN_INT_CONVERSION = YES;
				CLANG_WARN_NON_LITERAL_NULL_CONVERSION = YES;
				CLANG_WARN_OBJC_IMPLICIT_RETAIN_SELF = YES;
				CLANG_WARN_OBJC_LITERAL_CONVERSION = YES;
				CLANG_WARN_OBJC_ROOT_CLASS = YES_ERROR;
				CLANG_WARN_RANGE_LOOP_ANALYSIS = YES;
				CLANG_WARN_STRICT_PROTOTYPES = YES;
				CLANG_WARN_SUSPICIOUS_MOVE = YES;
				CLANG_WARN_UNGUARDED_AVAILABILITY = YES_AGGRESSIVE;
				CLANG_WARN_UNREACHABLE_CODE = YES;
				CLANG_WARN__DUPLICATE_METHOD_MATCH = YES;
				COPY_PHASE_STRIP = NO;
				DEBUG_INFORMATION_FORMAT = dwarf;
				ENABLE_STRICT_OBJC_MSGSEND = YES;
				ENABLE_TESTABILITY = YES;
				GCC_C_LANGUAGE_STANDARD = gnu11;
				GCC_DYNAMIC_NO_PIC = NO;
				GCC_NO_COMMON_BLOCKS = YES;
				GCC_OPTIMIZATION_LEVEL = 0;
				GCC_PREPROCESSOR_DEFINITIONS = (
					"DEBUG=1",
					"$(inherited)",
				);
				GCC_WARN_64_TO_32_BIT_CONVERSION = YES;
				GCC_WARN_ABOUT_RETURN_TYPE = YES_ERROR;
				GCC_WARN_UNDECLARED_SELECTOR = YES;
				GCC_WARN_UNINITIALIZED_AUTOS = YES_AGGRESSIVE;
				GCC_WARN_UNUSED_FUNCTION = YES;
				GCC_WARN_UNUSED_VARIABLE = YES;
				IPHONEOS_DEPLOYMENT_TARGET = 13.2;
				MTL_ENABLE_DEBUG_INFO = INCLUDE_SOURCE;
				MTL_FAST_MATH = YES;
				ONLY_ACTIVE_ARCH = YES;
				SDKROOT = iphoneos;
				SWIFT_ACTIVE_COMPILATION_CONDITIONS = DEBUG;
				SWIFT_OPTIMIZATION_LEVEL = "-Onone";
			};
			name = Debug;
		};
		C015773124476C2500DD2816 /* Release */ = {
			isa = XCBuildConfiguration;
			buildSettings = {
				ALWAYS_SEARCH_USER_PATHS = NO;
				CLANG_ANALYZER_NONNULL = YES;
				CLANG_ANALYZER_NUMBER_OBJECT_CONVERSION = YES_AGGRESSIVE;
				CLANG_CXX_LANGUAGE_STANDARD = "gnu++14";
				CLANG_CXX_LIBRARY = "libc++";
				CLANG_ENABLE_MODULES = YES;
				CLANG_ENABLE_OBJC_ARC = YES;
				CLANG_ENABLE_OBJC_WEAK = YES;
				CLANG_WARN_BLOCK_CAPTURE_AUTORELEASING = YES;
				CLANG_WARN_BOOL_CONVERSION = YES;
				CLANG_WARN_COMMA = YES;
				CLANG_WARN_CONSTANT_CONVERSION = YES;
				CLANG_WARN_DEPRECATED_OBJC_IMPLEMENTATIONS = YES;
				CLANG_WARN_DIRECT_OBJC_ISA_USAGE = YES_ERROR;
				CLANG_WARN_DOCUMENTATION_COMMENTS = YES;
				CLANG_WARN_EMPTY_BODY = YES;
				CLANG_WARN_ENUM_CONVERSION = YES;
				CLANG_WARN_INFINITE_RECURSION = YES;
				CLANG_WARN_INT_CONVERSION = YES;
				CLANG_WARN_NON_LITERAL_NULL_CONVERSION = YES;
				CLANG_WARN_OBJC_IMPLICIT_RETAIN_SELF = YES;
				CLANG_WARN_OBJC_LITERAL_CONVERSION = YES;
				CLANG_WARN_OBJC_ROOT_CLASS = YES_ERROR;
				CLANG_WARN_RANGE_LOOP_ANALYSIS = YES;
				CLANG_WARN_STRICT_PROTOTYPES = YES;
				CLANG_WARN_SUSPICIOUS_MOVE = YES;
				CLANG_WARN_UNGUARDED_AVAILABILITY = YES_AGGRESSIVE;
				CLANG_WARN_UNREACHABLE_CODE = YES;
				CLANG_WARN__DUPLICATE_METHOD_MATCH = YES;
				COPY_PHASE_STRIP = NO;
				DEBUG_INFORMATION_FORMAT = "dwarf-with-dsym";
				ENABLE_NS_ASSERTIONS = NO;
				ENABLE_STRICT_OBJC_MSGSEND = YES;
				GCC_C_LANGUAGE_STANDARD = gnu11;
				GCC_NO_COMMON_BLOCKS = YES;
				GCC_WARN_64_TO_32_BIT_CONVERSION = YES;
				GCC_WARN_ABOUT_RETURN_TYPE = YES_ERROR;
				GCC_WARN_UNDECLARED_SELECTOR = YES;
				GCC_WARN_UNINITIALIZED_AUTOS = YES_AGGRESSIVE;
				GCC_WARN_UNUSED_FUNCTION = YES;
				GCC_WARN_UNUSED_VARIABLE = YES;
				IPHONEOS_DEPLOYMENT_TARGET = 13.2;
				MTL_ENABLE_DEBUG_INFO = NO;
				MTL_FAST_MATH = YES;
				SDKROOT = iphoneos;
				SWIFT_COMPILATION_MODE = wholemodule;
				SWIFT_OPTIMIZATION_LEVEL = "-O";
				VALIDATE_PRODUCT = YES;
			};
			name = Release;
		};
		C015773324476C2500DD2816 /* Debug */ = {
			isa = XCBuildConfiguration;
			buildSettings = {
				ASSETCATALOG_COMPILER_APPICON_NAME = AppIcon;
				CODE_SIGN_STYLE = Automatic;
				DEVELOPMENT_TEAM = X834F4822U;
				INFOPLIST_FILE = "Core Data Task App/Info.plist";
				LD_RUNPATH_SEARCH_PATHS = (
					"$(inherited)",
					"@executable_path/Frameworks",
				);
				PRODUCT_BUNDLE_IDENTIFIER = "Debecka.Core-Data-Task-App";
				PRODUCT_NAME = "$(TARGET_NAME)";
				SWIFT_VERSION = 5.0;
				TARGETED_DEVICE_FAMILY = "1,2";
			};
			name = Debug;
		};
		C015773424476C2500DD2816 /* Release */ = {
			isa = XCBuildConfiguration;
			buildSettings = {
				ASSETCATALOG_COMPILER_APPICON_NAME = AppIcon;
				CODE_SIGN_STYLE = Automatic;
				DEVELOPMENT_TEAM = X834F4822U;
				INFOPLIST_FILE = "Core Data Task App/Info.plist";
				LD_RUNPATH_SEARCH_PATHS = (
					"$(inherited)",
					"@executable_path/Frameworks",
				);
				PRODUCT_BUNDLE_IDENTIFIER = "Debecka.Core-Data-Task-App";
				PRODUCT_NAME = "$(TARGET_NAME)";
				SWIFT_VERSION = 5.0;
				TARGETED_DEVICE_FAMILY = "1,2";
			};
			name = Release;
		};
/* End XCBuildConfiguration section */

/* Begin XCConfigurationList section */
		C015771624476C2100DD2816 /* Build configuration list for PBXProject "Core Data Task App" */ = {
			isa = XCConfigurationList;
			buildConfigurations = (
				C015773024476C2500DD2816 /* Debug */,
				C015773124476C2500DD2816 /* Release */,
			);
			defaultConfigurationIsVisible = 0;
			defaultConfigurationName = Release;
		};
		C015773224476C2500DD2816 /* Build configuration list for PBXNativeTarget "Core Data Task App" */ = {
			isa = XCConfigurationList;
			buildConfigurations = (
				C015773324476C2500DD2816 /* Debug */,
				C015773424476C2500DD2816 /* Release */,
			);
			defaultConfigurationIsVisible = 0;
			defaultConfigurationName = Release;
		};
/* End XCConfigurationList section */

/* Begin XCVersionGroup section */
		C015772724476C2100DD2816 /* Core_Data_Task_App.xcdatamodeld */ = {
			isa = XCVersionGroup;
			children = (
				C015772824476C2100DD2816 /* Core_Data_Task_App.xcdatamodel */,
			);
			currentVersion = C015772824476C2100DD2816 /* Core_Data_Task_App.xcdatamodel */;
			path = Core_Data_Task_App.xcdatamodeld;
			sourceTree = "<group>";
			versionGroupType = wrapper.xcdatamodel;
		};
/* End XCVersionGroup section */
	};
	rootObject = C015771324476C2100DD2816 /* Project object */;
}
